
Microsoft Visual Studio Solution File, Format Version 12.00
# Visual Studio Version 16
VisualStudioVersion = 16.0.32228.343
MinimumVisualStudioVersion = 10.0.40219.1
Project("{FAE04EC0-301F-11D3-BF4B-00C04F79EFBC}") = "WebApplication", "WebApplication\WebApplication.csproj", "{0A220D99-980A-4601-B833-3EFF334A772E}"
EndProject
Global
	GlobalSection(SolutionConfigurationPlatforms) = preSolution
		Debug|Any CPU = Debug|Any CPU
		Release|Any CPU = Release|Any CPU
	EndGlobalSection
	GlobalSection(ProjectConfigurationPlatforms) = postSolution
		{0A220D99-980A-4601-B833-3EFF334A772E}.Debug|Any CPU.ActiveCfg = Debug|Any CPU
		{0A220D99-980A-4601-B833-3EFF334A772E}.Debug|Any CPU.Build.0 = Debug|Any CPU
		{0A220D99-980A-4601-B833-3EFF334A772E}.Release|Any CPU.ActiveCfg = Release|Any CPU
		{0A220D99-980A-4601-B833-3EFF334A772E}.Release|Any CPU.Build.0 = Release|Any CPU
	EndGlobalSection
	GlobalSection(SolutionProperties) = preSolution
		HideSolutionNode = FALSE
	EndGlobalSection
	GlobalSection(ExtensibilityGlobals) = postSolution
		SolutionGuid = {C3DB6673-8DAA-4B1F-9770-BC1DB3B4351F}
	EndGlobalSection
EndGlobal
